
Microsoft Visual Studio Solution File, Format Version 10.00
# Visual Studio 2008
Project("{F184B08F-C81C-45F6-A57F-5ABD9991F28F}") = "sum_num", "sum_num\sum_num.vbproj", "{36FF7701-D5FB-463C-B6CC-32D5BAAC1926}"
EndProject
Global
	GlobalSection(SolutionConfigurationPlatforms) = preSolution
		Debug|Any CPU = Debug|Any CPU
		Release|Any CPU = Release|Any CPU
	EndGlobalSection
	GlobalSection(ProjectConfigurationPlatforms) = postSolution
		{36FF7701-D5FB-463C-B6CC-32D5BAAC1926}.Debug|Any CPU.ActiveCfg = Debug|Any CPU
		{36FF7701-D5FB-463C-B6CC-32D5BAAC1926}.Debug|Any CPU.Build.0 = Debug|Any CPU
		{36FF7701-D5FB-463C-B6CC-32D5BAAC1926}.Release|Any CPU.ActiveCfg = Release|Any CPU
		{36FF7701-D5FB-463C-B6CC-32D5BAAC1926}.Release|Any CPU.Build.0 = Release|Any CPU
	EndGlobalSection
	GlobalSection(SolutionProperties) = preSolution
		HideSolutionNode = FALSE
	EndGlobalSection
EndGlobal
